{
  "name": "chariox-publication-toolchain",
  "version": "0.0.0",
  "lockfileVersion": 3,
  "requires": true,
  "packages": {
    "": {
      "name": "chariox-publication-toolchain",
      "version": "0.0.0",
      "dependencies": {
        "@anthropic-ai/claude-code": "2.1.212",
        "@openai/codex": "0.144.0",
        "opencode-ai": "1.18.23",
        "pnpm": "9.15.0"
      }
    },
    "node_modules/@anthropic-ai/claude-code": {
      "version": "2.1.212",
      "resolved": "https://registry.npmjs.org/@anthropic-ai/claude-code/-/claude-code-2.1.212.tgz",
      "integrity": "sha512-MEasj1oaoARRKEWU7eHJ6DWC2TC8ogml9QUDihbmxYI2Ij5Ol1leW90DIj8/a0xX3lfHZOwT3gJr0JxVKa8Sxw==",
      "hasInstallScript": true,
      "license": "SEE LICENSE IN README.md",
      "bin": {
        "claude": "bin/claude.exe"
      },
      "engines": {
        "node": ">=22.0.0"
      },
      "optionalDependencies": {
        "@anthropic-ai/claude-code-darwin-arm64": "2.1.212",
        "@anthropic-ai/claude-code-darwin-x64": "2.1.212",
        "@anthropic-ai/claude-code-linux-arm64": "2.1.212",
        "@anthropic-ai/claude-code-linux-arm64-musl": "2.1.212",
        "@anthropic-ai/claude-code-linux-x64": "2.1.212",
        "@anthropic-ai/claude-code-linux-x64-musl": "2.1.212",
        "@anthropic-ai/claude-code-win32-arm64": "2.1.212",
        "@anthropic-ai/claude-code-win32-x64": "2.1.212"
      }
    },
    "node_modules/@anthropic-ai/claude-code-darwin-arm64": {
      "version": "2.1.212",
      "resolved": "https://registry.npmjs.org/@anthropic-ai/claude-code-darwin-arm64/-/claude-code-darwin-arm64-2.1.212.tgz",
      "integrity": "sha512-QjQwqJU5XzAl1mdlnY+hQxK/pGx6/0q59BfHWiKsSeLyMBpK9avgwu+kap8kzSigSEdbo1rIABO8t2EKqzvvaA==",
      "cpu": [
        "arm64"
      ],
      "license": "SEE LICENSE IN LICENSE.md",
      "optional": true,
      "os": [
        "darwin"
      ]
    },
    "node_modules/@anthropic-ai/claude-code-darwin-x64": {
      "version": "2.1.212",
      "resolved": "https://registry.npmjs.org/@anthropic-ai/claude-code-darwin-x64/-/claude-code-darwin-x64-2.1.212.tgz",
      "integrity": "sha512-dHnDk1jQHP1xG5hMEHHvgYqXHcgBapH/s1whqDw4KlAOxycgZKd4s2YQbRuygb7HNEpTLBnnLue5+Zv+RCfLzw==",
      "cpu": [
        "x64"
      ],
      "license": "SEE LICENSE IN LICENSE.md",
      "optional": true,
      "os": [
        "darwin"
      ]
    },
    "node_modules/@anthropic-ai/claude-code-linux-arm64": {
      "version": "2.1.212",
      "resolved": "https://registry.npmjs.org/@anthropic-ai/claude-code-linux-arm64/-/claude-code-linux-arm64-2.1.212.tgz",
      "integrity": "sha512-PcQptwO1t9q6tkL41yjmf5jxLU7Kzce4apW6KzuDvffN8ueKzGfR+9PecyQt2W1/dD2x1fAhWjAaQA6XiP2SyQ==",
      "cpu": [
        "arm64"
      ],
      "license": "SEE LICENSE IN LICENSE.md",
      "optional": true,
      "os": [
        "linux"
      ]
    },
    "node_modules/@anthropic-ai/claude-code-linux-arm64-musl": {
      "version": "2.1.212",
      "resolved": "https://registry.npmjs.org/@anthropic-ai/claude-code-linux-arm64-musl/-/claude-code-linux-arm64-musl-2.1.212.tgz",
      "integrity": "sha512-OmNXhGKaf1F3XrqYL5GnMIAFMv4Og3H4ehEREX6JLiZU2AC3ckyPawqvvhqyhoJx+a6KN59+6rEC97DyQMgo5Q==",
      "cpu": [
        "arm64"
      ],
      "license": "SEE LICENSE IN LICENSE.md",
      "optional": true,
      "os": [
        "linux"
      ]
    },
    "node_modules/@anthropic-ai/claude-code-linux-x64": {
      "version": "2.1.212",
      "resolved": "https://registry.npmjs.org/@anthropic-ai/claude-code-linux-x64/-/claude-code-linux-x64-2.1.212.tgz",
      "integrity": "sha512-NCJ/EHcC1QfAm7EUH/F5m+cE6QQO5fhceCxtnySpFu0T4+eq6tORcJcbUY/bHGsKKa8MiAmjyv3nXFWnV5h/oA==",
      "cpu": [
        "x64"
      ],
      "license": "SEE LICENSE IN LICENSE.md",
      "optional": true,
      "os": [
        "linux"
      ]
    },
    "node_modules/@anthropic-ai/claude-code-linux-x64-musl": {
      "version": "2.1.212",
      "resolved": "https://registry.npmjs.org/@anthropic-ai/claude-code-linux-x64-musl/-/claude-code-linux-x64-musl-2.1.212.tgz",
      "integrity": "sha512-AXkXlvUd/SWydG8XSEIKgq0fUHh/5+zdVj43mv+Fv0+p3Yv3vc528+tQo0NPGH3fU0weVYHarII69TgRQasP1w==",
      "cpu": [
        "x64"
      ],
      "license": "SEE LICENSE IN LICENSE.md",
      "optional": true,
      "os": [
        "linux"
      ]
    },
    "node_modules/@anthropic-ai/claude-code-win32-arm64": {
      "version": "2.1.212",
      "resolved": "https://registry.npmjs.org/@anthropic-ai/claude-code-win32-arm64/-/claude-code-win32-arm64-2.1.212.tgz",
      "integrity": "sha512-SYh28kyBjPj5HYnRJ6FSK7tAGxXip2qemGo15N1V31KBQVqPgt67vvCI4E8k1+7yeCV31j3mpq6pBJi+1LDFHw==",
      "cpu": [
        "arm64"
      ],
      "license": "SEE LICENSE IN LICENSE.md",
      "optional": true,
      "os": [
        "win32"
      ]
    },
    "node_modules/@anthropic-ai/claude-code-win32-x64": {
      "version": "2.1.212",
      "resolved": "https://registry.npmjs.org/@anthropic-ai/claude-code-win32-x64/-/claude-code-win32-x64-2.1.212.tgz",
      "integrity": "sha512-Fz/A6+V1ezafl/Zk9DMLTpoc9yVSdUf5UT0ZNBp6m0y1PwRyq7EMXlGh9V8O+Cb5/qPJF5K01onArNkYczSjbg==",
      "cpu": [
        "x64"
      ],
      "license": "SEE LICENSE IN LICENSE.md",
      "optional": true,
      "os": [
        "win32"
      ]
    },
    "node_modules/@openai/codex": {
      "version": "0.144.0",
      "resolved": "https://registry.npmjs.org/@openai/codex/-/codex-0.144.0.tgz",
      "integrity": "sha512-QFh6f+v5QUx/Vg0HjIl9HB94p7aDLBDkZjc4IXX5RXUcXHPVCZNb6Hl2R49Og/fqW7orgZkeDcgWfRANUa1WoQ==",
      "license": "Apache-2.0",
      "bin": {
        "codex": "bin/codex.js"
      },
      "engines": {
        "node": ">=16"
      },
      "optionalDependencies": {
        "@openai/codex-darwin-arm64": "npm:@openai/codex@0.144.0-darwin-arm64",
        "@openai/codex-darwin-x64": "npm:@openai/codex@0.144.0-darwin-x64",
        "@openai/codex-linux-arm64": "npm:@openai/codex@0.144.0-linux-arm64",
        "@openai/codex-linux-x64": "npm:@openai/codex@0.144.0-linux-x64",
        "@openai/codex-win32-arm64": "npm:@openai/codex@0.144.0-win32-arm64",
        "@openai/codex-win32-x64": "npm:@openai/codex@0.144.0-win32-x64"
      }
    },
    "node_modules/@openai/codex-darwin-arm64": {
      "name": "@openai/codex",
      "version": "0.144.0-darwin-arm64",
      "resolved": "https://registry.npmjs.org/@openai/codex/-/codex-0.144.0-darwin-arm64.tgz",
      "integrity": "sha512-rqFAJdOa2I0VRgepVsSZeLxs96+Y+LXTjccOOvH6894FyaFAYPZ/o+6hgpB1iGHxxdoY/DsGa8jrJC8Leqn9Kg==",
      "cpu": [
        "arm64"
      ],
      "license": "Apache-2.0",
      "optional": true,
      "os": [
        "darwin"
      ],
      "engines": {
        "node": ">=16"
      }
    },
    "node_modules/@openai/codex-darwin-x64": {
      "name": "@openai/codex",
      "version": "0.144.0-darwin-x64",
      "resolved": "https://registry.npmjs.org/@openai/codex/-/codex-0.144.0-darwin-x64.tgz",
      "integrity": "sha512-4p2jxRbN+Khg5UQzpkzT9upFj+qkEF/abmdvrtflkkWmVKP6Nt+yi8ospdqv9PDqvQ9SotPvX7iXaFaeUTrtmA==",
      "cpu": [
        "x64"
      ],
      "license": "Apache-2.0",
      "optional": true,
      "os": [
        "darwin"
      ],
      "engines": {
        "node": ">=16"
      }
    },
    "node_modules/@openai/codex-linux-arm64": {
      "name": "@openai/codex",
      "version": "0.144.0-linux-arm64",
      "resolved": "https://registry.npmjs.org/@openai/codex/-/codex-0.144.0-linux-arm64.tgz",
      "integrity": "sha512-k++xhZrn9P3laO00Q92APG6mdOFDD66nUBo+8ExCa1NXi2pjLEMLC4+UNJTUUtUT1PEflOZ5pDKxPXgzaiFFFg==",
      "cpu": [
        "arm64"
      ],
      "license": "Apache-2.0",
      "optional": true,
      "os": [
        "linux"
      ],
      "engines": {
        "node": ">=16"
      }
    },
    "node_modules/@openai/codex-linux-x64": {
      "name": "@openai/codex",
      "version": "0.144.0-linux-x64",
      "resolved": "https://registry.npmjs.org/@openai/codex/-/codex-0.144.0-linux-x64.tgz",
      "integrity": "sha512-GmKtQeX+cO9lN7mQD1FEVcXYEMLMgMByHwZdvlluH0bj/+c2ind3hwbRtE3eECFDekNhEiB80Ez0FfbkyFQqoA==",
      "cpu": [
        "x64"
      ],
      "license": "Apache-2.0",
      "optional": true,
      "os": [
        "linux"
      ],
      "engines": {
        "node": ">=16"
      }
    },
    "node_modules/@openai/codex-win32-arm64": {
      "name": "@openai/codex",
      "version": "0.144.0-win32-arm64",
      "resolved": "https://registry.npmjs.org/@openai/codex/-/codex-0.144.0-win32-arm64.tgz",
      "integrity": "sha512-e2yGSgwdzrT1SoJMoOzWD58WBEsIaAMZpEchuV2VGkE2T955SG7dn7EyVQTQcy7/rdpE8aEDktZ/1eQQfjkdtQ==",
      "cpu": [
        "arm64"
      ],
      "license": "Apache-2.0",
      "optional": true,
      "os": [
        "win32"
      ],
      "engines": {
        "node": ">=16"
      }
    },
    "node_modules/@openai/codex-win32-x64": {
      "name": "@openai/codex",
      "version": "0.144.0-win32-x64",
      "resolved": "https://registry.npmjs.org/@openai/codex/-/codex-0.144.0-win32-x64.tgz",
      "integrity": "sha512-QiholLCYqNeYvNM77HOmPtrOFrY0rQc/N9nXt+sQGXO3rEGmcWjpLzujY4Oegl3CLRHoieWqlep3EqEvFBjoIA==",
      "cpu": [
        "x64"
      ],
      "license": "Apache-2.0",
      "optional": true,
      "os": [
        "win32"
      ],
      "engines": {
        "node": ">=16"
      }
    },
    "node_modules/opencode-ai": {
      "version": "1.18.23",
      "resolved": "https://registry.npmjs.org/opencode-ai/-/opencode-ai-1.18.23.tgz",
      "integrity": "sha512-3NkT0XINL7d0HYkTyGV1SPChHXhvRgKqNaTgKRTGb0TXUWszXA7MW/y3zMZw29y1AQuUDAzRvVYmQ9KGRQhroA==",
      "cpu": [
        "arm64",
        "x64"
      ],
      "hasInstallScript": true,
      "license": "MIT",
      "os": [
        "darwin",
        "linux",
        "win32"
      ],
      "bin": {
        "opencode": "bin/opencode.exe"
      },
      "optionalDependencies": {
        "opencode-darwin-arm64": "1.18.23",
        "opencode-darwin-x64": "1.18.23",
        "opencode-darwin-x64-baseline": "1.18.23",
        "opencode-linux-arm64": "1.18.23",
        "opencode-linux-arm64-musl": "1.18.23",
        "opencode-linux-x64": "1.18.23",
        "opencode-linux-x64-baseline": "1.18.23",
        "opencode-linux-x64-baseline-musl": "1.18.23",
        "opencode-linux-x64-musl": "1.18.23",
        "opencode-windows-arm64": "1.18.23",
        "opencode-windows-x64": "1.18.23",
        "opencode-windows-x64-baseline": "1.18.23"
      }
    },
    "node_modules/opencode-darwin-arm64": {
      "version": "1.18.23",
      "resolved": "https://registry.npmjs.org/opencode-darwin-arm64/-/opencode-darwin-arm64-1.18.23.tgz",
      "integrity": "sha512-QP9PjwpHtZoLVXw2WvUmPZecz7mWbQkT4t3K36B//fCaDG+zWa+SsztIeaW5azujNwwtUemLA5icE/zINng48Q==",
      "cpu": [
        "arm64"
      ],
      "optional": true,
      "os": [
        "darwin"
      ]
    },
    "node_modules/opencode-darwin-x64": {
      "version": "1.18.23",
      "resolved": "https://registry.npmjs.org/opencode-darwin-x64/-/opencode-darwin-x64-1.18.23.tgz",
      "integrity": "sha512-R9nWP3edz/0FnEfwmuxtiWBB7bS4NtZCyCffJyiMlrbwdDC+bIXYrWxWXVrzaP1mJujs6g2MAwTCUSx/qpBhDw==",
      "cpu": [
        "x64"
      ],
      "optional": true,
      "os": [
        "darwin"
      ]
    },
    "node_modules/opencode-darwin-x64-baseline": {
      "version": "1.18.23",
      "resolved": "https://registry.npmjs.org/opencode-darwin-x64-baseline/-/opencode-darwin-x64-baseline-1.18.23.tgz",
      "integrity": "sha512-QGx6I/nFYur7qJ/Nx2L3fC4XYQt44cyDsm7p8twNA+cdjGX3ndnPbMdAl5ikdZyAfSMUGYK8VWY2JMxv0rmfjw==",
      "cpu": [
        "x64"
      ],
      "optional": true,
      "os": [
        "darwin"
      ]
    },
    "node_modules/opencode-linux-arm64": {
      "version": "1.18.23",
      "resolved": "https://registry.npmjs.org/opencode-linux-arm64/-/opencode-linux-arm64-1.18.23.tgz",
      "integrity": "sha512-g1zDFhuE9FOYwjSGderlu69wfd4GQzS0xsDiIY11QUciuBmM6DrHqLvmhlLFsUVHYVnCPY1YeN1pq5ewE3x72Q==",
      "cpu": [
        "arm64"
      ],
      "optional": true,
      "os": [
        "linux"
      ]
    },
    "node_modules/opencode-linux-arm64-musl": {
      "version": "1.18.23",
      "resolved": "https://registry.npmjs.org/opencode-linux-arm64-musl/-/opencode-linux-arm64-musl-1.18.23.tgz",
      "integrity": "sha512-VyDkzUJfJgkx9h9RhazTW9xeTgSXBmVFPblsbPGBW9tR612f6gjQxfOfu4cpHnQHK1qjuW9ClzLKHWqv3EcJTA==",
      "cpu": [
        "arm64"
      ],
      "optional": true,
      "os": [
        "linux"
      ]
    },
    "node_modules/opencode-linux-x64": {
      "version": "1.18.23",
      "resolved": "https://registry.npmjs.org/opencode-linux-x64/-/opencode-linux-x64-1.18.23.tgz",
      "integrity": "sha512-5x9d1Cm/YtqzR6lAlNbgVprTQ3R3hx7qGTWCzm5l5u6lBNkhYTrhy2s8k25dxKKuxqZ9Kngqz9JYWvSVHy2Lmw==",
      "cpu": [
        "x64"
      ],
      "optional": true,
      "os": [
        "linux"
      ]
    },
    "node_modules/opencode-linux-x64-baseline": {
      "version": "1.18.23",
      "resolved": "https://registry.npmjs.org/opencode-linux-x64-baseline/-/opencode-linux-x64-baseline-1.18.23.tgz",
      "integrity": "sha512-yUhBOXfTQour2JCdAkwD3DDqSnyxB0grefwdPqEhYmJHIkYxfJIIzyy6V//pyouvkE0XMouFtiuZXw8S6Wo0iQ==",
      "cpu": [
        "x64"
      ],
      "optional": true,
      "os": [
        "linux"
      ]
    },
    "node_modules/opencode-linux-x64-baseline-musl": {
      "version": "1.18.23",
      "resolved": "https://registry.npmjs.org/opencode-linux-x64-baseline-musl/-/opencode-linux-x64-baseline-musl-1.18.23.tgz",
      "integrity": "sha512-c1DPxauhzAurlIBhJBr/rokDpc65l084T4qTl36gDDT9Xzc/Nk5Q5yMDaPm1DDI3WeHKDt11MDlxT5AjQW5gtw==",
      "cpu": [
        "x64"
      ],
      "optional": true,
      "os": [
        "linux"
      ]
    },
    "node_modules/opencode-linux-x64-musl": {
      "version": "1.18.23",
      "resolved": "https://registry.npmjs.org/opencode-linux-x64-musl/-/opencode-linux-x64-musl-1.18.23.tgz",
      "integrity": "sha512-t/5mlnTBZKdZpqKHwdwxlWqGakntauvMSmXtyJc17M7XJRmZaaGHtNSaSefbbYFIL4agoQCXTvIkhhyxOvr7zQ==",
      "cpu": [
        "x64"
      ],
      "optional": true,
      "os": [
        "linux"
      ]
    },
    "node_modules/opencode-windows-arm64": {
      "version": "1.18.23",
      "resolved": "https://registry.npmjs.org/opencode-windows-arm64/-/opencode-windows-arm64-1.18.23.tgz",
      "integrity": "sha512-QtJQcLU0yPz6on3jjks3f/EHgZuIDFw7FvAKu3wsHhL09NYDh7GczfRXDPRHa3NgqnU8dkB8p9mhqgaPRPogoQ==",
      "cpu": [
        "arm64"
      ],
      "optional": true,
      "os": [
        "win32"
      ]
    },
    "node_modules/opencode-windows-x64": {
      "version": "1.18.23",
      "resolved": "https://registry.npmjs.org/opencode-windows-x64/-/opencode-windows-x64-1.18.23.tgz",
      "integrity": "sha512-mMaIITuXzkNfjdcYL8uZaZuMDjulFyH/UCq9bxblam2mUZf9uWisoi5J6CXFsS/mkN7CZfTAt6PttSp4n3PH4g==",
      "cpu": [
        "x64"
      ],
      "optional": true,
      "os": [
        "win32"
      ]
    },
    "node_modules/opencode-windows-x64-baseline": {
      "version": "1.18.23",
      "resolved": "https://registry.npmjs.org/opencode-windows-x64-baseline/-/opencode-windows-x64-baseline-1.18.23.tgz",
      "integrity": "sha512-AqXsTKaPcDx3rrid5bLUwJbQ/3vr9rJ6fvOStIznTzwrbOgP8wy5G4jCoIzu6KB/WxGx/d1MrV4cGaJ73qnjBA==",
      "cpu": [
        "x64"
      ],
      "optional": true,
      "os": [
        "win32"
      ]
    },
    "node_modules/pnpm": {
      "version": "9.15.0",
      "resolved": "https://registry.npmjs.org/pnpm/-/pnpm-9.15.0.tgz",
      "integrity": "sha512-duI3l2CkMo7EQVgVvNZije5yevN3mqpMkU45RBVsQpmSGon5djge4QfUHxLPpLZmgcqccY8GaPoIMe1MbYulbA==",
      "license": "MIT",
      "bin": {
        "pnpm": "bin/pnpm.cjs",
        "pnpx": "bin/pnpx.cjs"
      },
      "engines": {
        "node": ">=18.12"
      },
      "funding": {
        "url": "https://opencollective.com/pnpm"
      }
    }
  }
}
